
Microsoft Visual Studio Solution File, Format Version 12.00
# Visual Studio 14
VisualStudioVersion = 14.0.23107.0
MinimumVisualStudioVersion = 10.0.40219.1
Project("{D954291E-2A0B-460D-934E-DC6B0785DB48}") = "AgendaXF", "AgendaXF\AgendaXF\AgendaXF.shproj", "{69E35AD3-BB99-47CA-8D9A-26507611BF3B}"
EndProject
Project("{FAE04EC0-301F-11D3-BF4B-00C04F79EFBC}") = "AgendaXF.WinPhone", "AgendaXF\AgendaXF.WinPhone\AgendaXF.WinPhone.csproj", "{A28EFA80-718E-43DB-9226-C5DEFD974753}"
EndProject
Project("{FAE04EC0-301F-11D3-BF4B-00C04F79EFBC}") = "AgendaXF.iOS", "AgendaXF\AgendaXF.iOS\AgendaXF.iOS.csproj", "{3AF47415-A94A-4861-90A2-3FBAD69EEF97}"
EndProject
Project("{FAE04EC0-301F-11D3-BF4B-00C04F79EFBC}") = "AgendaXF.Droid", "AgendaXF\AgendaXF.Droid\AgendaXF.Droid.csproj", "{B7B8BEDA-3F16-45E2-B7EC-5551CD5B228F}"
EndProject
Global
	GlobalSection(SharedMSBuildProjectFiles) = preSolution
		AgendaXF\AgendaXF\AgendaXF.projitems*{3af47415-a94a-4861-90a2-3fbad69eef97}*SharedItemsImports = 4
		AgendaXF\AgendaXF\AgendaXF.projitems*{b7b8beda-3f16-45e2-b7ec-5551cd5b228f}*SharedItemsImports = 4
		AgendaXF\AgendaXF\AgendaXF.projitems*{69e35ad3-bb99-47ca-8d9a-26507611bf3b}*SharedItemsImports = 13
		AgendaXF\AgendaXF\AgendaXF.projitems*{a28efa80-718e-43db-9226-c5defd974753}*SharedItemsImports = 4
	EndGlobalSection
	GlobalSection(SolutionConfigurationPlatforms) = preSolution
		Ad-Hoc|Any CPU = Ad-Hoc|Any CPU
		Ad-Hoc|ARM = Ad-Hoc|ARM
		Ad-Hoc|iPhone = Ad-Hoc|iPhone
		Ad-Hoc|iPhoneSimulator = Ad-Hoc|iPhoneSimulator
		Ad-Hoc|x86 = Ad-Hoc|x86
		AppStore|Any CPU = AppStore|Any CPU
		AppStore|ARM = AppStore|ARM
		AppStore|iPhone = AppStore|iPhone
		AppStore|iPhoneSimulator = AppStore|iPhoneSimulator
		AppStore|x86 = AppStore|x86
		Debug|Any CPU = Debug|Any CPU
		Debug|ARM = Debug|ARM
		Debug|iPhone = Debug|iPhone
		Debug|iPhoneSimulator = Debug|iPhoneSimulator
		Debug|x86 = Debug|x86
		Release|Any CPU = Release|Any CPU
		Release|ARM = Release|ARM
		Release|iPhone = Release|iPhone
		Release|iPhoneSimulator = Release|iPhoneSimulator
		Release|x86 = Release|x86
	EndGlobalSection
	GlobalSection(ProjectConfigurationPlatforms) = postSolution
		{A28EFA80-718E-43DB-9226-C5DEFD974753}.Ad-Hoc|Any CPU.ActiveCfg = Release|Any CPU
		{A28EFA80-718E-43DB-9226-C5DEFD974753}.Ad-Hoc|Any CPU.Build.0 = Release|Any CPU
		{A28EFA80-718E-43DB-9226-C5DEFD974753}.Ad-Hoc|Any CPU.Deploy.0 = Release|Any CPU
		{A28EFA80-718E-43DB-9226-C5DEFD974753}.Ad-Hoc|ARM.ActiveCfg = Release|ARM
		{A28EFA80-718E-43DB-9226-C5DEFD974753}.Ad-Hoc|ARM.Build.0 = Release|ARM
		{A28EFA80-718E-43DB-9226-C5DEFD974753}.Ad-Hoc|ARM.Deploy.0 = Release|ARM
		{A28EFA80-718E-43DB-9226-C5DEFD974753}.Ad-Hoc|iPhone.ActiveCfg = Release|Any CPU
		{A28EFA80-718E-43DB-9226-C5DEFD974753}.Ad-Hoc|iPhone.Build.0 = Release|Any CPU
		{A28EFA80-718E-43DB-9226-C5DEFD974753}.Ad-Hoc|iPhone.Deploy.0 = Release|Any CPU
		{A28EFA80-718E-43DB-9226-C5DEFD974753}.Ad-Hoc|iPhoneSimulator.ActiveCfg = Release|Any CPU
		{A28EFA80-718E-43DB-9226-C5DEFD974753}.Ad-Hoc|iPhoneSimulator.Build.0 = Release|Any CPU
		{A28EFA80-718E-43DB-9226-C5DEFD974753}.Ad-Hoc|iPhoneSimulator.Deploy.0 = Release|Any CPU
		{A28EFA80-718E-43DB-9226-C5DEFD974753}.Ad-Hoc|x86.ActiveCfg = Release|x86
		{A28EFA80-718E-43DB-9226-C5DEFD974753}.Ad-Hoc|x86.Build.0 = Release|x86
		{A28EFA80-718E-43DB-9226-C5DEFD974753}.Ad-Hoc|x86.Deploy.0 = Release|x86
		{A28EFA80-718E-43DB-9226-C5DEFD974753}.AppStore|Any CPU.ActiveCfg = Release|Any CPU
		{A28EFA80-718E-43DB-9226-C5DEFD974753}.AppStore|Any CPU.Build.0 = Release|Any CPU
		{A28EFA80-718E-43DB-9226-C5DEFD974753}.AppStore|Any CPU.Deploy.0 = Release|Any CPU
		{A28EFA80-718E-43DB-9226-C5DEFD974753}.AppStore|ARM.ActiveCfg = Release|ARM
		{A28EFA80-718E-43DB-9226-C5DEFD974753}.AppStore|ARM.Build.0 = Release|ARM
		{A28EFA80-718E-43DB-9226-C5DEFD974753}.AppStore|ARM.Deploy.0 = Release|ARM
		{A28EFA80-718E-43DB-9226-C5DEFD974753}.AppStore|iPhone.ActiveCfg = Release|Any CPU
		{A28EFA80-718E-43DB-9226-C5DEFD974753}.AppStore|iPhone.Build.0 = Release|Any CPU
		{A28EFA80-718E-43DB-9226-C5DEFD974753}.AppStore|iPhone.Deploy.0 = Release|Any CPU
		{A28EFA80-718E-43DB-9226-C5DEFD974753}.AppStore|iPhoneSimulator.ActiveCfg = Release|Any CPU
		{A28EFA80-718E-43DB-9226-C5DEFD974753}.AppStore|iPhoneSimulator.Build.0 = Release|Any CPU
		{A28EFA80-718E-43DB-9226-C5DEFD974753}.AppStore|iPhoneSimulator.Deploy.0 = Release|Any CPU
		{A28EFA80-718E-43DB-9226-C5DEFD974753}.AppStore|x86.ActiveCfg = Release|x86
		{A28EFA80-718E-43DB-9226-C5DEFD974753}.AppStore|x86.Build.0 = Release|x86
		{A28EFA80-718E-43DB-9226-C5DEFD974753}.AppStore|x86.Deploy.0 = Release|x86
		{A28EFA80-718E-43DB-9226-C5DEFD974753}.Debug|Any CPU.ActiveCfg = Debug|Any CPU
		{A28EFA80-718E-43DB-9226-C5DEFD974753}.Debug|Any CPU.Build.0 = Debug|Any CPU
		{A28EFA80-718E-43DB-9226-C5DEFD974753}.Debug|Any CPU.Deploy.0 = Debug|Any CPU
		{A28EFA80-718E-43DB-9226-C5DEFD974753}.Debug|ARM.ActiveCfg = Debug|ARM
		{A28EFA80-718E-43DB-9226-C5DEFD974753}.Debug|ARM.Build.0 = Debug|ARM
		{A28EFA80-718E-43DB-9226-C5DEFD974753}.Debug|ARM.Deploy.0 = Debug|ARM
		{A28EFA80-718E-43DB-9226-C5DEFD974753}.Debug|iPhone.ActiveCfg = Debug|Any CPU
		{A28EFA80-718E-43DB-9226-C5DEFD974753}.Debug|iPhone.Build.0 = Debug|Any CPU
		{A28EFA80-718E-43DB-9226-C5DEFD974753}.Debug|iPhone.Deploy.0 = Debug|Any CPU
		{A28EFA80-718E-43DB-9226-C5DEFD974753}.Debug|iPhoneSimulator.ActiveCfg = Debug|Any CPU
		{A28EFA80-718E-43DB-9226-C5DEFD974753}.Debug|iPhoneSimulator.Build.0 = Debug|Any CPU
		{A28EFA80-718E-43DB-9226-C5DEFD974753}.Debug|iPhoneSimulator.Deploy.0 = Debug|Any CPU
		{A28EFA80-718E-43DB-9226-C5DEFD974753}.Debug|x86.ActiveCfg = Debug|x86
		{A28EFA80-718E-43DB-9226-C5DEFD974753}.Debug|x86.Build.0 = Debug|x86
		{A28EFA80-718E-43DB-9226-C5DEFD974753}.Debug|x86.Deploy.0 = Debug|x86
		{A28EFA80-718E-43DB-9226-C5DEFD974753}.Release|Any CPU.ActiveCfg = Release|Any CPU
		{A28EFA80-718E-43DB-9226-C5DEFD974753}.Release|Any CPU.Build.0 = Release|Any CPU
		{A28EFA80-718E-43DB-9226-C5DEFD974753}.Release|Any CPU.Deploy.0 = Release|Any CPU
		{A28EFA80-718E-43DB-9226-C5DEFD974753}.Release|ARM.ActiveCfg = Release|ARM
		{A28EFA80-718E-43DB-9226-C5DEFD974753}.Release|ARM.Build.0 = Release|ARM
		{A28EFA80-718E-43DB-9226-C5DEFD974753}.Release|ARM.Deploy.0 = Release|ARM
		{A28EFA80-718E-43DB-9226-C5DEFD974753}.Release|iPhone.ActiveCfg = Release|Any CPU
		{A28EFA80-718E-43DB-9226-C5DEFD974753}.Release|iPhone.Build.0 = Release|Any CPU
		{A28EFA80-718E-43DB-9226-C5DEFD974753}.Release|iPhone.Deploy.0 = Release|Any CPU
		{A28EFA80-718E-43DB-9226-C5DEFD974753}.Release|iPhoneSimulator.ActiveCfg = Release|Any CPU
		{A28EFA80-718E-43DB-9226-C5DEFD974753}.Release|iPhoneSimulator.Build.0 = Release|Any CPU
		{A28EFA80-718E-43DB-9226-C5DEFD974753}.Release|iPhoneSimulator.Deploy.0 = Release|Any CPU
		{A28EFA80-718E-43DB-9226-C5DEFD974753}.Release|x86.ActiveCfg = Release|x86
		{A28EFA80-718E-43DB-9226-C5DEFD974753}.Release|x86.Build.0 = Release|x86
		{A28EFA80-718E-43DB-9226-C5DEFD974753}.Release|x86.Deploy.0 = Release|x86
		{3AF47415-A94A-4861-90A2-3FBAD69EEF97}.Ad-Hoc|Any CPU.ActiveCfg = Ad-Hoc|iPhone
		{3AF47415-A94A-4861-90A2-3FBAD69EEF97}.Ad-Hoc|ARM.ActiveCfg = Ad-Hoc|iPhone
		{3AF47415-A94A-4861-90A2-3FBAD69EEF97}.Ad-Hoc|iPhone.ActiveCfg = Ad-Hoc|iPhone
		{3AF47415-A94A-4861-90A2-3FBAD69EEF97}.Ad-Hoc|iPhone.Build.0 = Ad-Hoc|iPhone
		{3AF47415-A94A-4861-90A2-3FBAD69EEF97}.Ad-Hoc|iPhoneSimulator.ActiveCfg = Ad-Hoc|iPhoneSimulator
		{3AF47415-A94A-4861-90A2-3FBAD69EEF97}.Ad-Hoc|iPhoneSimulator.Build.0 = Ad-Hoc|iPhoneSimulator
		{3AF47415-A94A-4861-90A2-3FBAD69EEF97}.Ad-Hoc|x86.ActiveCfg = Ad-Hoc|iPhone
		{3AF47415-A94A-4861-90A2-3FBAD69EEF97}.AppStore|Any CPU.ActiveCfg = AppStore|iPhone
		{3AF47415-A94A-4861-90A2-3FBAD69EEF97}.AppStore|ARM.ActiveCfg = AppStore|iPhone
		{3AF47415-A94A-4861-90A2-3FBAD69EEF97}.AppStore|iPhone.ActiveCfg = AppStore|iPhone
		{3AF47415-A94A-4861-90A2-3FBAD69EEF97}.AppStore|iPhone.Build.0 = AppStore|iPhone
		{3AF47415-A94A-4861-90A2-3FBAD69EEF97}.AppStore|iPhoneSimulator.ActiveCfg = AppStore|iPhoneSimulator
		{3AF47415-A94A-4861-90A2-3FBAD69EEF97}.AppStore|iPhoneSimulator.Build.0 = AppStore|iPhoneSimulator
		{3AF47415-A94A-4861-90A2-3FBAD69EEF97}.AppStore|x86.ActiveCfg = AppStore|iPhone
		{3AF47415-A94A-4861-90A2-3FBAD69EEF97}.Debug|Any CPU.ActiveCfg = Debug|iPhone
		{3AF47415-A94A-4861-90A2-3FBAD69EEF97}.Debug|ARM.ActiveCfg = Debug|iPhone
		{3AF47415-A94A-4861-90A2-3FBAD69EEF97}.Debug|iPhone.ActiveCfg = Debug|iPhone
		{3AF47415-A94A-4861-90A2-3FBAD69EEF97}.Debug|iPhone.Build.0 = Debug|iPhone
		{3AF47415-A94A-4861-90A2-3FBAD69EEF97}.Debug|iPhoneSimulator.ActiveCfg = Debug|iPhoneSimulator
		{3AF47415-A94A-4861-90A2-3FBAD69EEF97}.Debug|iPhoneSimulator.Build.0 = Debug|iPhoneSimulator
		{3AF47415-A94A-4861-90A2-3FBAD69EEF97}.Debug|x86.ActiveCfg = Debug|iPhone
		{3AF47415-A94A-4861-90A2-3FBAD69EEF97}.Release|Any CPU.ActiveCfg = Release|iPhone
		{3AF47415-A94A-4861-90A2-3FBAD69EEF97}.Release|ARM.ActiveCfg = Release|iPhone
		{3AF47415-A94A-4861-90A2-3FBAD69EEF97}.Release|iPhone.ActiveCfg = Release|iPhone
		{3AF47415-A94A-4861-90A2-3FBAD69EEF97}.Release|iPhone.Build.0 = Release|iPhone
		{3AF47415-A94A-4861-90A2-3FBAD69EEF97}.Release|iPhoneSimulator.ActiveCfg = Release|iPhoneSimulator
		{3AF47415-A94A-4861-90A2-3FBAD69EEF97}.Release|iPhoneSimulator.Build.0 = Release|iPhoneSimulator
		{3AF47415-A94A-4861-90A2-3FBAD69EEF97}.Release|x86.ActiveCfg = Release|iPhone
		{B7B8BEDA-3F16-45E2-B7EC-5551CD5B228F}.Ad-Hoc|Any CPU.ActiveCfg = Release|Any CPU
		{B7B8BEDA-3F16-45E2-B7EC-5551CD5B228F}.Ad-Hoc|Any CPU.Build.0 = Release|Any CPU
		{B7B8BEDA-3F16-45E2-B7EC-5551CD5B228F}.Ad-Hoc|Any CPU.Deploy.0 = Release|Any CPU
		{B7B8BEDA-3F16-45E2-B7EC-5551CD5B228F}.Ad-Hoc|ARM.ActiveCfg = Release|Any CPU
		{B7B8BEDA-3F16-45E2-B7EC-5551CD5B228F}.Ad-Hoc|ARM.Build.0 = Release|Any CPU
		{B7B8BEDA-3F16-45E2-B7EC-5551CD5B228F}.Ad-Hoc|ARM.Deploy.0 = Release|Any CPU
		{B7B8BEDA-3F16-45E2-B7EC-5551CD5B228F}.Ad-Hoc|iPhone.ActiveCfg = Release|Any CPU
		{B7B8BEDA-3F16-45E2-B7EC-5551CD5B228F}.Ad-Hoc|iPhone.Build.0 = Release|Any CPU
		{B7B8BEDA-3F16-45E2-B7EC-5551CD5B228F}.Ad-Hoc|iPhone.Deploy.0 = Release|Any CPU
		{B7B8BEDA-3F16-45E2-B7EC-5551CD5B228F}.Ad-Hoc|iPhoneSimulator.ActiveCfg = Release|Any CPU
		{B7B8BEDA-3F16-45E2-B7EC-5551CD5B228F}.Ad-Hoc|iPhoneSimulator.Build.0 = Release|Any CPU
		{B7B8BEDA-3F16-45E2-B7EC-5551CD5B228F}.Ad-Hoc|iPhoneSimulator.Deploy.0 = Release|Any CPU
		{B7B8BEDA-3F16-45E2-B7EC-5551CD5B228F}.Ad-Hoc|x86.ActiveCfg = Release|Any CPU
		{B7B8BEDA-3F16-45E2-B7EC-5551CD5B228F}.Ad-Hoc|x86.Build.0 = Release|Any CPU
		{B7B8BEDA-3F16-45E2-B7EC-5551CD5B228F}.Ad-Hoc|x86.Deploy.0 = Release|Any CPU
		{B7B8BEDA-3F16-45E2-B7EC-5551CD5B228F}.AppStore|Any CPU.ActiveCfg = Release|Any CPU
		{B7B8BEDA-3F16-45E2-B7EC-5551CD5B228F}.AppStore|Any CPU.Build.0 = Release|Any CPU
		{B7B8BEDA-3F16-45E2-B7EC-5551CD5B228F}.AppStore|Any CPU.Deploy.0 = Release|Any CPU
		{B7B8BEDA-3F16-45E2-B7EC-5551CD5B228F}.AppStore|ARM.ActiveCfg = Release|Any CPU
		{B7B8BEDA-3F16-45E2-B7EC-5551CD5B228F}.AppStore|ARM.Build.0 = Release|Any CPU
		{B7B8BEDA-3F16-45E2-B7EC-5551CD5B228F}.AppStore|ARM.Deploy.0 = Release|Any CPU
		{B7B8BEDA-3F16-45E2-B7EC-5551CD5B228F}.AppStore|iPhone.ActiveCfg = Release|Any CPU
		{B7B8BEDA-3F16-45E2-B7EC-5551CD5B228F}.AppStore|iPhone.Build.0 = Release|Any CPU
		{B7B8BEDA-3F16-45E2-B7EC-5551CD5B228F}.AppStore|iPhone.Deploy.0 = Release|Any CPU
		{B7B8BEDA-3F16-45E2-B7EC-5551CD5B228F}.AppStore|iPhoneSimulator.ActiveCfg = Release|Any CPU
		{B7B8BEDA-3F16-45E2-B7EC-5551CD5B228F}.AppStore|iPhoneSimulator.Build.0 = Release|Any CPU
		{B7B8BEDA-3F16-45E2-B7EC-5551CD5B228F}.AppStore|iPhoneSimulator.Deploy.0 = Release|Any CPU
		{B7B8BEDA-3F16-45E2-B7EC-5551CD5B228F}.AppStore|x86.ActiveCfg = Release|Any CPU
		{B7B8BEDA-3F16-45E2-B7EC-5551CD5B228F}.AppStore|x86.Build.0 = Release|Any CPU
		{B7B8BEDA-3F16-45E2-B7EC-5551CD5B228F}.AppStore|x86.Deploy.0 = Release|Any CPU
		{B7B8BEDA-3F16-45E2-B7EC-5551CD5B228F}.Debug|Any CPU.ActiveCfg = Debug|Any CPU
		{B7B8BEDA-3F16-45E2-B7EC-5551CD5B228F}.Debug|Any CPU.Build.0 = Debug|Any CPU
		{B7B8BEDA-3F16-45E2-B7EC-5551CD5B228F}.Debug|Any CPU.Deploy.0 = Debug|Any CPU
		{B7B8BEDA-3F16-45E2-B7EC-5551CD5B228F}.Debug|ARM.ActiveCfg = Debug|Any CPU
		{B7B8BEDA-3F16-45E2-B7EC-5551CD5B228F}.Debug|ARM.Build.0 = Debug|Any CPU
		{B7B8BEDA-3F16-45E2-B7EC-5551CD5B228F}.Debug|ARM.Deploy.0 = Debug|Any CPU
		{B7B8BEDA-3F16-45E2-B7EC-5551CD5B228F}.Debug|iPhone.ActiveCfg = Debug|Any CPU
		{B7B8BEDA-3F16-45E2-B7EC-5551CD5B228F}.Debug|iPhone.Build.0 = Debug|Any CPU
		{B7B8BEDA-3F16-45E2-B7EC-5551CD5B228F}.Debug|iPhone.Deploy.0 = Debug|Any CPU
		{B7B8BEDA-3F16-45E2-B7EC-5551CD5B228F}.Debug|iPhoneSimulator.ActiveCfg = Debug|Any CPU
		{B7B8BEDA-3F16-45E2-B7EC-5551CD5B228F}.Debug|iPhoneSimulator.Build.0 = Debug|Any CPU
		{B7B8BEDA-3F16-45E2-B7EC-5551CD5B228F}.Debug|iPhoneSimulator.Deploy.0 = Debug|Any CPU
		{B7B8BEDA-3F16-45E2-B7EC-5551CD5B228F}.Debug|x86.ActiveCfg = Debug|Any CPU
		{B7B8BEDA-3F16-45E2-B7EC-5551CD5B228F}.Debug|x86.Build.0 = Debug|Any CPU
		{B7B8BEDA-3F16-45E2-B7EC-5551CD5B228F}.Debug|x86.Deploy.0 = Debug|Any CPU
		{B7B8BEDA-3F16-45E2-B7EC-5551CD5B228F}.Release|Any CPU.ActiveCfg = Release|Any CPU
		{B7B8BEDA-3F16-45E2-B7EC-5551CD5B228F}.Release|Any CPU.Build.0 = Release|Any CPU
		{B7B8BEDA-3F16-45E2-B7EC-5551CD5B228F}.Release|Any CPU.Deploy.0 = Release|Any CPU
		{B7B8BEDA-3F16-45E2-B7EC-5551CD5B228F}.Release|ARM.ActiveCfg = Release|Any CPU
		{B7B8BEDA-3F16-45E2-B7EC-5551CD5B228F}.Release|ARM.Build.0 = Release|Any CPU
		{B7B8BEDA-3F16-45E2-B7EC-5551CD5B228F}.Release|ARM.Deploy.0 = Release|Any CPU
		{B7B8BEDA-3F16-45E2-B7EC-5551CD5B228F}.Release|iPhone.ActiveCfg = Release|Any CPU
		{B7B8BEDA-3F16-45E2-B7EC-5551CD5B228F}.Release|iPhone.Build.0 = Release|Any CPU
		{B7B8BEDA-3F16-45E2-B7EC-5551CD5B228F}.Release|iPhone.Deploy.0 = Release|Any CPU
		{B7B8BEDA-3F16-45E2-B7EC-5551CD5B228F}.Release|iPhoneSimulator.ActiveCfg = Release|Any CPU
		{B7B8BEDA-3F16-45E2-B7EC-5551CD5B228F}.Release|iPhoneSimulator.Build.0 = Release|Any CPU
		{B7B8BEDA-3F16-45E2-B7EC-5551CD5B228F}.Release|iPhoneSimulator.Deploy.0 = Release|Any CPU
		{B7B8BEDA-3F16-45E2-B7EC-5551CD5B228F}.Release|x86.ActiveCfg = Release|Any CPU
		{B7B8BEDA-3F16-45E2-B7EC-5551CD5B228F}.Release|x86.Build.0 = Release|Any CPU
		{B7B8BEDA-3F16-45E2-B7EC-5551CD5B228F}.Release|x86.Deploy.0 = Release|Any CPU
	EndGlobalSection
	GlobalSection(SolutionProperties) = preSolution
		HideSolutionNode = FALSE
	EndGlobalSection
EndGlobal
